
Microsoft Visual Studio Solution File, Format Version 12.00
# Visual Studio 15
VisualStudioVersion = 15.0.27703.2042
MinimumVisualStudioVersion = 10.0.40219.1
Project("{FAE04EC0-301F-11D3-BF4B-00C04F79EFBC}") = "Ardman", "Ardman\Ardman.csproj", "{54E3CF84-34D3-4F68-8FB8-4A470A899CB9}"
EndProject
Global
	GlobalSection(SolutionConfigurationPlatforms) = preSolution
		Debug|Any CPU = Debug|Any CPU
		Release|Any CPU = Release|Any CPU
	EndGlobalSection
	GlobalSection(ProjectConfigurationPlatforms) = postSolution
		{54E3CF84-34D3-4F68-8FB8-4A470A899CB9}.Debug|Any CPU.ActiveCfg = Debug|Any CPU
		{54E3CF84-34D3-4F68-8FB8-4A470A899CB9}.Debug|Any CPU.Build.0 = Debug|Any CPU
		{54E3CF84-34D3-4F68-8FB8-4A470A899CB9}.Release|Any CPU.ActiveCfg = Release|Any CPU
		{54E3CF84-34D3-4F68-8FB8-4A470A899CB9}.Release|Any CPU.Build.0 = Release|Any CPU
	EndGlobalSection
	GlobalSection(SolutionProperties) = preSolution
		HideSolutionNode = FALSE
	EndGlobalSection
	GlobalSection(ExtensibilityGlobals) = postSolution
		SolutionGuid = {677ADE7A-5F1E-43DB-B3BD-C3F73C448E19}
	EndGlobalSection
EndGlobal
